
Microsoft Visual Studio Solution File, Format Version 12.00
# Visual Studio Version 17
VisualStudioVersion = 17.4.33205.214
MinimumVisualStudioVersion = 10.0.40219.1
Project("{54A90642-561A-4BB1-A94E-469ADEE60C69}") = "nodeconsoleproject1", "nodeconsoleproject1\nodeconsoleproject1.esproj", "{1B5E09D3-D78C-4514-A22A-6EAE87CA00B7}"
EndProject
Global
	GlobalSection(SolutionConfigurationPlatforms) = preSolution
		Debug|Any CPU = Debug|Any CPU
		Release|Any CPU = Release|Any CPU
	EndGlobalSection
	GlobalSection(ProjectConfigurationPlatforms) = postSolution
		{1B5E09D3-D78C-4514-A22A-6EAE87CA00B7}.Debug|Any CPU.ActiveCfg = Debug|Any CPU
		{1B5E09D3-D78C-4514-A22A-6EAE87CA00B7}.Debug|Any CPU.Build.0 = Debug|Any CPU
		{1B5E09D3-D78C-4514-A22A-6EAE87CA00B7}.Debug|Any CPU.Deploy.0 = Debug|Any CPU
		{1B5E09D3-D78C-4514-A22A-6EAE87CA00B7}.Release|Any CPU.ActiveCfg = Release|Any CPU
		{1B5E09D3-D78C-4514-A22A-6EAE87CA00B7}.Release|Any CPU.Build.0 = Release|Any CPU
		{1B5E09D3-D78C-4514-A22A-6EAE87CA00B7}.Release|Any CPU.Deploy.0 = Release|Any CPU
	EndGlobalSection
	GlobalSection(SolutionProperties) = preSolution
		HideSolutionNode = FALSE
	EndGlobalSection
	GlobalSection(ExtensibilityGlobals) = postSolution
		SolutionGuid = {BB698ADA-1347-4A66-9AC8-136D69314CEF}
	EndGlobalSection
EndGlobal
